
Microsoft Visual Studio Solution File, Format Version 12.00
# Visual Studio Version 16
VisualStudioVersion = 16.0.30711.63
MinimumVisualStudioVersion = 10.0.40219.1
Project("{9A19103F-16F7-4668-BE54-9A1E7A4F7556}") = "Patterns", "Patterns.csproj", "{CFC7DED0-7E0B-4F1E-AE2D-8E80F0BFC041}"
EndProject
Global
	GlobalSection(SolutionConfigurationPlatforms) = preSolution
		Debug|Any CPU = Debug|Any CPU
		Release|Any CPU = Release|Any CPU
	EndGlobalSection
	GlobalSection(ProjectConfigurationPlatforms) = postSolution
		{CFC7DED0-7E0B-4F1E-AE2D-8E80F0BFC041}.Debug|Any CPU.ActiveCfg = Debug|Any CPU
		{CFC7DED0-7E0B-4F1E-AE2D-8E80F0BFC041}.Debug|Any CPU.Build.0 = Debug|Any CPU
		{CFC7DED0-7E0B-4F1E-AE2D-8E80F0BFC041}.Release|Any CPU.ActiveCfg = Release|Any CPU
		{CFC7DED0-7E0B-4F1E-AE2D-8E80F0BFC041}.Release|Any CPU.Build.0 = Release|Any CPU
	EndGlobalSection
	GlobalSection(SolutionProperties) = preSolution
		HideSolutionNode = FALSE
	EndGlobalSection
	GlobalSection(ExtensibilityGlobals) = postSolution
		SolutionGuid = {3EAF46E6-5C6F-4DE6-91EF-715B1EF6373B}
	EndGlobalSection
EndGlobal
